{
  "annotation_mode": "human",
  "annotation_source": "human",
  "annotator_id": "samar",
  "files": [
    "annotations\\dw_0.json",
    "annotations\\dw_1.json",
    "annotations\\dw_10.json",
    "annotations\\dw_100.json",
    "annotations\\dw_1000.json",
    "annotations\\dw_1001.json",
    "annotations\\dw_1002.json",
    "annotations\\dw_1003.json",
    "annotations\\dw_1004.json",
    "annotations\\dw_1005.json",
    "annotations\\dw_1006.json",
    "annotations\\dw_1007.json",
    "annotations\\dw_1008.json",
    "annotations\\dw_1009.json",
    "annotations\\dw_101.json",
    "annotations\\dw_1010.json",
    "annotations\\dw_1011.json",
    "annotations\\dw_1012.json",
    "annotations\\dw_1014.json",
    "annotations\\dw_1015.json",
    "annotations\\dw_1016.json",
    "annotations\\dw_1018.json",
    "annotations\\dw_102.json",
    "annotations\\dw_1022.json",
    "annotations\\dw_1025.json",
    "annotations\\dw_103.json",
    "annotations\\dw_1030.json",
    "annotations\\dw_1031.json",
    "annotations\\dw_1033.json",
    "annotations\\dw_1061.json",
    "annotations\\dw_2713.json",
    "annotations\\dw_2766.json",
    "annotations\\dw_2931.json",
    "annotations\\dw_2979.json",
    "annotations\\dw_real_10.json",
    "annotations\\dw_real_114.json",
    "annotations\\dw_real_116.json",
    "annotations\\dw_real_117.json",
    "annotations\\dw_real_120.json",
    "annotations\\dw_real_16.json",
    "annotations\\dw_real_2.json",
    "annotations\\dw_real_3.json",
    "annotations\\dw_real_33.json",
    "annotations\\dw_real_34.json",
    "annotations\\dw_real_51.json",
    "provenance-v1.json"
  ],
  "hash_algorithm": "sha256(concat(relpath + \\0 + file_bytes) sorted by relpath)",
  "human_gold": true,
  "inter_annotator_agreement": {
    "available": false,
    "reason": "single human annotator (the researcher); a second independent annotator was not available, so inter-annotator agreement is not applicable"
  },
  "lock_version": "human-gold-v1",
  "num_questions": 45,
  "protocol_version": "annotation-schema-v1",
  "provenance_version": "provenance-v1",
  "schema_version": "annotation-schema-v1",
  "separate_from_ai_pilot": true,
  "sha256": "1df1ee495b67f2430da995a1ab8ea1c5a693c2b1c32e2737ad9a6e55fee210a4",
  "source_batch": "batch-1",
  "strata": {
    "persistent_ambiguity": 25,
    "unambiguous": 18,
    "unanswerable": 2
  }
}
