{
  "annotation_mode": "AI/model-based",
  "annotation_source": "ai_generated",
  "backend": "opencode/big-pickle",
  "batch_id": "batch-1",
  "created_at": "2026-08-08T16:34:36.511033+00:00",
  "evaluation_mode": "Paper 1 current evaluation mode = reasoning-based ambiguity detection with metadata-aware persistence deferred because no legitimate enrichment source is available; missing metadata is never converted into fabricated metadata-grounded evidence.",
  "files": [
    "dw\\dw_0.json",
    "dw\\dw_1.json",
    "dw\\dw_10.json",
    "dw\\dw_100.json",
    "dw\\dw_1000.json",
    "dw\\dw_1001.json",
    "dw\\dw_1002.json",
    "dw\\dw_1003.json",
    "dw\\dw_1004.json",
    "dw\\dw_1005.json",
    "dw\\dw_1006.json",
    "dw\\dw_1007.json",
    "dw\\dw_1008.json",
    "dw\\dw_1009.json",
    "dw\\dw_101.json",
    "dw\\dw_1010.json",
    "dw\\dw_1011.json",
    "dw\\dw_1012.json",
    "dw\\dw_1013.json",
    "dw\\dw_1014.json",
    "dw\\dw_1015.json",
    "dw\\dw_1016.json",
    "dw\\dw_1017.json",
    "dw\\dw_1018.json",
    "dw\\dw_1019.json",
    "dw\\dw_102.json",
    "dw\\dw_1020.json",
    "dw\\dw_1021.json",
    "dw\\dw_1022.json",
    "dw\\dw_1023.json",
    "dw\\dw_1024.json",
    "dw\\dw_1025.json",
    "dw\\dw_1026.json",
    "dw\\dw_1027.json",
    "dw\\dw_1028.json",
    "dw\\dw_1029.json",
    "dw\\dw_103.json",
    "dw\\dw_1030.json",
    "dw\\dw_1031.json",
    "dw\\dw_1032.json",
    "dw\\dw_1033.json",
    "dw\\dw_1034.json",
    "dw\\dw_1035.json",
    "dw\\dw_1036.json",
    "dw\\dw_1061.json",
    "dw\\dw_2713.json",
    "dw\\dw_2766.json",
    "dw\\dw_2931.json",
    "dw\\dw_2979.json",
    "dw\\dw_real_10.json",
    "dw\\dw_real_114.json",
    "dw\\dw_real_116.json",
    "dw\\dw_real_117.json",
    "dw\\dw_real_120.json",
    "dw\\dw_real_16.json",
    "dw\\dw_real_2.json",
    "dw\\dw_real_3.json",
    "dw\\dw_real_33.json",
    "dw\\dw_real_34.json",
    "dw\\dw_real_51.json",
    "provenance-v1.json"
  ],
  "hash_algorithm": "sha256(concat(relpath + \\0 + file_bytes) sorted by relpath)",
  "human_gold": false,
  "metadata_mode": "deferred",
  "num_questions": 60,
  "prompt_version": "annotation-guidelines-v1 (docs/13 §7 + docs/19 §7; content=ai_annotation_content.py; schema=annotation-schema-v1)",
  "protocol_version": "annotation-schema-v1",
  "provenance_version": "provenance-v1",
  "schema_version": "annotation-schema-v1",
  "sha256": "e215880a439656dfce29d0d9e4f466193fb78f60bf3b894aef9734bc0d469db7"
}
